# THIS IS AN AUTOGENERATED FILE. DO NOT EDIT THIS FILE DIRECTLY.
# yarn lockfile v1


classcat@^5.0.0:
  version "5.0.0"
  resolved "https://registry.yarnpkg.com/classcat/-/classcat-5.0.0.tgz#ee7bd12809f28eab9a127066a273f5c9a1bc2241"
  integrity sha512-TFc0tT41wGoVV1oixiUEArAMllypJM0X3+znt8nFCvXP4TkOaM4C5k2E7ifG/thAZhmvsa3SV5YuyoH2ZuVvPA==
