hash: 1cfe1ed29d53f630da47eb25146f07fa644cc504ca1cf69dfaba8c1ef5944ece
updated: 2016-12-23T22:30:40.986636419+09:00
imports:
- name: github.com/k0kubun/pp
  version: f5dce6ed0ccf6c350f1679964ff6b61f3d6d2033
- name: github.com/mattn/go-colorable
  version: d228849504861217f796da67fae4f6e347643f15
- name: github.com/mattn/go-isatty
  version: 30a891c33c7cde7b02a981314b4228ec99380cca
- name: golang.org/x/sys
  version: d75a52659825e75fff6158388dddc6a5b04f9ba5
  subpackages:
  - unix
testImports: []
